
Microsoft Visual Studio Solution File, Format Version 12.00
# Visual Studio Version 17
VisualStudioVersion = 17.8.34408.163
MinimumVisualStudioVersion = 10.0.40219.1
Project("{FAE04EC0-301F-11D3-BF4B-00C04F79EFBC}") = "Cadastro_cliente", "Cadastro_cliente\Cadastro_cliente.csproj", "{88894AA6-866F-4952-92DB-9A50C180957B}"
EndProject
Global
	GlobalSection(SolutionConfigurationPlatforms) = preSolution
		Debug|Any CPU = Debug|Any CPU
		Release|Any CPU = Release|Any CPU
	EndGlobalSection
	GlobalSection(ProjectConfigurationPlatforms) = postSolution
		{88894AA6-866F-4952-92DB-9A50C180957B}.Debug|Any CPU.ActiveCfg = Debug|Any CPU
		{88894AA6-866F-4952-92DB-9A50C180957B}.Debug|Any CPU.Build.0 = Debug|Any CPU
		{88894AA6-866F-4952-92DB-9A50C180957B}.Release|Any CPU.ActiveCfg = Release|Any CPU
		{88894AA6-866F-4952-92DB-9A50C180957B}.Release|Any CPU.Build.0 = Release|Any CPU
	EndGlobalSection
	GlobalSection(SolutionProperties) = preSolution
		HideSolutionNode = FALSE
	EndGlobalSection
	GlobalSection(ExtensibilityGlobals) = postSolution
		SolutionGuid = {54E98AA3-3844-4DB4-9E7A-5CAC529F9560}
	EndGlobalSection
EndGlobal
